
Microsoft Visual Studio Solution File, Format Version 12.00
Project("{FAE04EC0-301F-11D3-BF4B-00C04F79EFBC}") = "ComicApiOop", "ComicApiOop\ComicApiOop.csproj", "{E6D455FE-CFBB-41A3-BC65-C18D0D94535A}"
EndProject
Project("{FAE04EC0-301F-11D3-BF4B-00C04F79EFBC}") = "ComicApiDod", "ComicApiDod\ComicApiDod.csproj", "{A7B2C3D4-E5F6-4789-ABCD-EF0123456789}"
EndProject
Project("{FAE04EC0-301F-11D3-BF4B-00C04F79EFBC}") = "Common", "Common\Common.csproj", "{FBB88F88-34B4-42D7-A6D7-0BE142FFFE11}"
EndProject
Global
	GlobalSection(SolutionConfigurationPlatforms) = preSolution
		Debug|Any CPU = Debug|Any CPU
		Debug|x64 = Debug|x64
		Debug|x86 = Debug|x86
		Release|Any CPU = Release|Any CPU
		Release|x64 = Release|x64
		Release|x86 = Release|x86
	EndGlobalSection
	GlobalSection(ProjectConfigurationPlatforms) = postSolution
		{E6D455FE-CFBB-41A3-BC65-C18D0D94535A}.Debug|Any CPU.ActiveCfg = Debug|Any CPU
		{E6D455FE-CFBB-41A3-BC65-C18D0D94535A}.Debug|Any CPU.Build.0 = Debug|Any CPU
		{E6D455FE-CFBB-41A3-BC65-C18D0D94535A}.Debug|x64.ActiveCfg = Debug|Any CPU
		{E6D455FE-CFBB-41A3-BC65-C18D0D94535A}.Debug|x64.Build.0 = Debug|Any CPU
		{E6D455FE-CFBB-41A3-BC65-C18D0D94535A}.Debug|x86.ActiveCfg = Debug|Any CPU
		{E6D455FE-CFBB-41A3-BC65-C18D0D94535A}.Debug|x86.Build.0 = Debug|Any CPU
		{E6D455FE-CFBB-41A3-BC65-C18D0D94535A}.Release|Any CPU.ActiveCfg = Release|Any CPU
		{E6D455FE-CFBB-41A3-BC65-C18D0D94535A}.Release|Any CPU.Build.0 = Release|Any CPU
		{E6D455FE-CFBB-41A3-BC65-C18D0D94535A}.Release|x64.ActiveCfg = Release|Any CPU
		{E6D455FE-CFBB-41A3-BC65-C18D0D94535A}.Release|x64.Build.0 = Release|Any CPU
		{E6D455FE-CFBB-41A3-BC65-C18D0D94535A}.Release|x86.ActiveCfg = Release|Any CPU
		{E6D455FE-CFBB-41A3-BC65-C18D0D94535A}.Release|x86.Build.0 = Release|Any CPU
		{A7B2C3D4-E5F6-4789-ABCD-EF0123456789}.Debug|Any CPU.ActiveCfg = Debug|Any CPU
		{A7B2C3D4-E5F6-4789-ABCD-EF0123456789}.Debug|Any CPU.Build.0 = Debug|Any CPU
		{A7B2C3D4-E5F6-4789-ABCD-EF0123456789}.Debug|x64.ActiveCfg = Debug|Any CPU
		{A7B2C3D4-E5F6-4789-ABCD-EF0123456789}.Debug|x64.Build.0 = Debug|Any CPU
		{A7B2C3D4-E5F6-4789-ABCD-EF0123456789}.Debug|x86.ActiveCfg = Debug|Any CPU
		{A7B2C3D4-E5F6-4789-ABCD-EF0123456789}.Debug|x86.Build.0 = Debug|Any CPU
		{A7B2C3D4-E5F6-4789-ABCD-EF0123456789}.Release|Any CPU.ActiveCfg = Release|Any CPU
		{A7B2C3D4-E5F6-4789-ABCD-EF0123456789}.Release|Any CPU.Build.0 = Release|Any CPU
		{A7B2C3D4-E5F6-4789-ABCD-EF0123456789}.Release|x64.ActiveCfg = Release|Any CPU
		{A7B2C3D4-E5F6-4789-ABCD-EF0123456789}.Release|x64.Build.0 = Release|Any CPU
		{A7B2C3D4-E5F6-4789-ABCD-EF0123456789}.Release|x86.ActiveCfg = Release|Any CPU
		{A7B2C3D4-E5F6-4789-ABCD-EF0123456789}.Release|x86.Build.0 = Release|Any CPU
		{FBB88F88-34B4-42D7-A6D7-0BE142FFFE11}.Debug|Any CPU.ActiveCfg = Debug|Any CPU
		{FBB88F88-34B4-42D7-A6D7-0BE142FFFE11}.Debug|Any CPU.Build.0 = Debug|Any CPU
		{FBB88F88-34B4-42D7-A6D7-0BE142FFFE11}.Debug|x64.ActiveCfg = Debug|Any CPU
		{FBB88F88-34B4-42D7-A6D7-0BE142FFFE11}.Debug|x64.Build.0 = Debug|Any CPU
		{FBB88F88-34B4-42D7-A6D7-0BE142FFFE11}.Debug|x86.ActiveCfg = Debug|Any CPU
		{FBB88F88-34B4-42D7-A6D7-0BE142FFFE11}.Debug|x86.Build.0 = Debug|Any CPU
		{FBB88F88-34B4-42D7-A6D7-0BE142FFFE11}.Release|Any CPU.ActiveCfg = Release|Any CPU
		{FBB88F88-34B4-42D7-A6D7-0BE142FFFE11}.Release|Any CPU.Build.0 = Release|Any CPU
		{FBB88F88-34B4-42D7-A6D7-0BE142FFFE11}.Release|x64.ActiveCfg = Release|Any CPU
		{FBB88F88-34B4-42D7-A6D7-0BE142FFFE11}.Release|x64.Build.0 = Release|Any CPU
		{FBB88F88-34B4-42D7-A6D7-0BE142FFFE11}.Release|x86.ActiveCfg = Release|Any CPU
		{FBB88F88-34B4-42D7-A6D7-0BE142FFFE11}.Release|x86.Build.0 = Release|Any CPU
	EndGlobalSection
	GlobalSection(SolutionProperties) = preSolution
		HideSolutionNode = FALSE
	EndGlobalSection
EndGlobal
